
Microsoft Visual Studio Solution File, Format Version 12.00
Project("{FAE04EC0-301F-11D3-BF4B-00C04F79EFBC}") = "TipoReferenciaTipoValor", "TipoReferenciaTipoValor\TipoReferenciaTipoValor.csproj", "{A2BD1F0E-25A1-4F83-9758-816CD3F9E2D8}"
EndProject
Project("{FAE04EC0-301F-11D3-BF4B-00C04F79EFBC}") = "ValoresNullable", "ValoresNullable\ValoresNullable.csproj", "{8D5F1F56-4F51-4708-96CD-B3A1BCCC701B}"
EndProject
Project("{FAE04EC0-301F-11D3-BF4B-00C04F79EFBC}") = "VetoresPt1", "VetoresPt1\VetoresPt1.csproj", "{9AD0913F-C20E-4137-918B-41E7C0CA0306}"
EndProject
Project("{FAE04EC0-301F-11D3-BF4B-00C04F79EFBC}") = "VetoresPt2", "VetoresPt2\VetoresPt2.csproj", "{8F78A405-86C2-43E5-BDC6-476E9C3F88D6}"
EndProject
Project("{FAE04EC0-301F-11D3-BF4B-00C04F79EFBC}") = "ExercicioFixacao", "ExercicioFixacao\ExercicioFixacao.csproj", "{7FE946D0-E7B4-44AF-87E3-08D7DEF5FD6A}"
EndProject
Global
	GlobalSection(SolutionConfigurationPlatforms) = preSolution
		Debug|Any CPU = Debug|Any CPU
		Release|Any CPU = Release|Any CPU
	EndGlobalSection
	GlobalSection(ProjectConfigurationPlatforms) = postSolution
		{A2BD1F0E-25A1-4F83-9758-816CD3F9E2D8}.Debug|Any CPU.ActiveCfg = Debug|Any CPU
		{A2BD1F0E-25A1-4F83-9758-816CD3F9E2D8}.Debug|Any CPU.Build.0 = Debug|Any CPU
		{A2BD1F0E-25A1-4F83-9758-816CD3F9E2D8}.Release|Any CPU.ActiveCfg = Release|Any CPU
		{A2BD1F0E-25A1-4F83-9758-816CD3F9E2D8}.Release|Any CPU.Build.0 = Release|Any CPU
		{8D5F1F56-4F51-4708-96CD-B3A1BCCC701B}.Debug|Any CPU.ActiveCfg = Debug|Any CPU
		{8D5F1F56-4F51-4708-96CD-B3A1BCCC701B}.Debug|Any CPU.Build.0 = Debug|Any CPU
		{8D5F1F56-4F51-4708-96CD-B3A1BCCC701B}.Release|Any CPU.ActiveCfg = Release|Any CPU
		{8D5F1F56-4F51-4708-96CD-B3A1BCCC701B}.Release|Any CPU.Build.0 = Release|Any CPU
		{9AD0913F-C20E-4137-918B-41E7C0CA0306}.Debug|Any CPU.ActiveCfg = Debug|Any CPU
		{9AD0913F-C20E-4137-918B-41E7C0CA0306}.Debug|Any CPU.Build.0 = Debug|Any CPU
		{9AD0913F-C20E-4137-918B-41E7C0CA0306}.Release|Any CPU.ActiveCfg = Release|Any CPU
		{9AD0913F-C20E-4137-918B-41E7C0CA0306}.Release|Any CPU.Build.0 = Release|Any CPU
		{8F78A405-86C2-43E5-BDC6-476E9C3F88D6}.Debug|Any CPU.ActiveCfg = Debug|Any CPU
		{8F78A405-86C2-43E5-BDC6-476E9C3F88D6}.Debug|Any CPU.Build.0 = Debug|Any CPU
		{8F78A405-86C2-43E5-BDC6-476E9C3F88D6}.Release|Any CPU.ActiveCfg = Release|Any CPU
		{8F78A405-86C2-43E5-BDC6-476E9C3F88D6}.Release|Any CPU.Build.0 = Release|Any CPU
		{7FE946D0-E7B4-44AF-87E3-08D7DEF5FD6A}.Debug|Any CPU.ActiveCfg = Debug|Any CPU
		{7FE946D0-E7B4-44AF-87E3-08D7DEF5FD6A}.Debug|Any CPU.Build.0 = Debug|Any CPU
		{7FE946D0-E7B4-44AF-87E3-08D7DEF5FD6A}.Release|Any CPU.ActiveCfg = Release|Any CPU
		{7FE946D0-E7B4-44AF-87E3-08D7DEF5FD6A}.Release|Any CPU.Build.0 = Release|Any CPU
	EndGlobalSection
EndGlobal
